
Microsoft Visual Studio Solution File, Format Version 12.00
# Visual Studio Version 17
VisualStudioVersion = 17.4.32912.340
MinimumVisualStudioVersion = 10.0.40219.1
Project("{FAE04EC0-301F-11D3-BF4B-00C04F79EFBC}") = "Mixins", "Mixins.csproj", "{130EFEA0-A98B-4D09-8F37-EEA749D3358B}"
EndProject
Global
	GlobalSection(SolutionConfigurationPlatforms) = preSolution
		Debug|Any CPU = Debug|Any CPU
		Release|Any CPU = Release|Any CPU
	EndGlobalSection
	GlobalSection(ProjectConfigurationPlatforms) = postSolution
		{130EFEA0-A98B-4D09-8F37-EEA749D3358B}.Debug|Any CPU.ActiveCfg = Debug|Any CPU
		{130EFEA0-A98B-4D09-8F37-EEA749D3358B}.Debug|Any CPU.Build.0 = Debug|Any CPU
		{130EFEA0-A98B-4D09-8F37-EEA749D3358B}.Release|Any CPU.ActiveCfg = Release|Any CPU
		{130EFEA0-A98B-4D09-8F37-EEA749D3358B}.Release|Any CPU.Build.0 = Release|Any CPU
	EndGlobalSection
	GlobalSection(SolutionProperties) = preSolution
		HideSolutionNode = FALSE
	EndGlobalSection
	GlobalSection(ExtensibilityGlobals) = postSolution
		SolutionGuid = {B43234D7-33D7-461C-8FF7-A2AB8E9A2C82}
	EndGlobalSection
EndGlobal
